// !$*UTF8*$!
{
	archiveVersion = 1;
	classes = {
	};
	objectVersion = 50;
	objects = {

/* Begin PBXBuildFile section */
		334DE49824D34FD400BB2F67 /* TeamListResponse.swift in Sources */ = {isa = PBXBuildFile; fileRef = 334DE49724D34FD400BB2F67 /* TeamListResponse.swift */; };
		334DE49A24D353DC00BB2F67 /* RosterResponse.swift in Sources */ = {isa = PBXBuildFile; fileRef = 334DE49924D353DC00BB2F67 /* RosterResponse.swift */; };
		334DE49C24D3564500BB2F67 /* PlayerResponse.swift in Sources */ = {isa = PBXBuildFile; fileRef = 334DE49B24D3564500BB2F67 /* PlayerResponse.swift */; };
		334DE49E24D356B400BB2F67 /* Position.swift in Sources */ = {isa = PBXBuildFile; fileRef = 334DE49D24D356B400BB2F67 /* Position.swift */; };
		334DE4A024D3592600BB2F67 /* SingleSeasonStatsResponse.swift in Sources */ = {isa = PBXBuildFile; fileRef = 334DE49F24D3592600BB2F67 /* SingleSeasonStatsResponse.swift */; };
		334DE4A724D3B27A00BB2F67 /* DataController.swift in Sources */ = {isa = PBXBuildFile; fileRef = 334DE4A624D3B27A00BB2F67 /* DataController.swift */; };
		334DE4A924D3BC9700BB2F67 /* Constants.swift in Sources */ = {isa = PBXBuildFile; fileRef = 334DE4A824D3BC9700BB2F67 /* Constants.swift */; };
		33CB788324CF7C97007D6C38 /* AppDelegate.swift in Sources */ = {isa = PBXBuildFile; fileRef = 33CB788224CF7C97007D6C38 /* AppDelegate.swift */; };
		33CB788524CF7C97007D6C38 /* SceneDelegate.swift in Sources */ = {isa = PBXBuildFile; fileRef = 33CB788424CF7C97007D6C38 /* SceneDelegate.swift */; };
		33CB788724CF7C97007D6C38 /* FavouritesViewController.swift in Sources */ = {isa = PBXBuildFile; fileRef = 33CB788624CF7C97007D6C38 /* FavouritesViewController.swift */; };
		33CB788A24CF7C97007D6C38 /* Main.storyboard in Resources */ = {isa = PBXBuildFile; fileRef = 33CB788824CF7C97007D6C38 /* Main.storyboard */; };
		33CB788D24CF7C97007D6C38 /* Udacity_Final_Project.xcdatamodeld in Sources */ = {isa = PBXBuildFile; fileRef = 33CB788B24CF7C97007D6C38 /* Udacity_Final_Project.xcdatamodeld */; };
		33CB788F24CF7C98007D6C38 /* Assets.xcassets in Resources */ = {isa = PBXBuildFile; fileRef = 33CB788E24CF7C98007D6C38 /* Assets.xcassets */; };
		33CB789224CF7C98007D6C38 /* LaunchScreen.storyboard in Resources */ = {isa = PBXBuildFile; fileRef = 33CB789024CF7C98007D6C38 /* LaunchScreen.storyboard */; };
		33DEB8D424CF7D7E00BCF706 /* NHLClient.swift in Sources */ = {isa = PBXBuildFile; fileRef = 33DEB8D324CF7D7E00BCF706 /* NHLClient.swift */; };
/* End PBXBuildFile section */

/* Begin PBXFileReference section */
		334DE49724D34FD400BB2F67 /* TeamListResponse.swift */ = {isa = PBXFileReference; lastKnownFileType = sourcecode.swift; path = TeamListResponse.swift; sourceTree = "<group>"; };
		334DE49924D353DC00BB2F67 /* RosterResponse.swift */ = {isa = PBXFileReference; lastKnownFileType = sourcecode.swift; path = RosterResponse.swift; sourceTree = "<group>"; };
		334DE49B24D3564500BB2F67 /* PlayerResponse.swift */ = {isa = PBXFileReference; lastKnownFileType = sourcecode.swift; path = PlayerResponse.swift; sourceTree = "<group>"; };
		334DE49D24D356B400BB2F67 /* Position.swift */ = {isa = PBXFileReference; lastKnownFileType = sourcecode.swift; path = Position.swift; sourceTree = "<group>"; };
		334DE49F24D3592600BB2F67 /* SingleSeasonStatsResponse.swift */ = {isa = PBXFileReference; lastKnownFileType = sourcecode.swift; path = SingleSeasonStatsResponse.swift; sourceTree = "<group>"; };
		334DE4A624D3B27A00BB2F67 /* DataController.swift */ = {isa = PBXFileReference; lastKnownFileType = sourcecode.swift; path = DataController.swift; sourceTree = "<group>"; };
		334DE4A824D3BC9700BB2F67 /* Constants.swift */ = {isa = PBXFileReference; lastKnownFileType = sourcecode.swift; path = Constants.swift; sourceTree = "<group>"; };
		33CB787F24CF7C97007D6C38 /* Udacity Final Project.app */ = {isa = PBXFileReference; explicitFileType = wrapper.application; includeInIndex = 0; path = "Udacity Final Project.app"; sourceTree = BUILT_PRODUCTS_DIR; };
		33CB788224CF7C97007D6C38 /* AppDelegate.swift */ = {isa = PBXFileReference; lastKnownFileType = sourcecode.swift; path = AppDelegate.swift; sourceTree = "<group>"; };
		33CB788424CF7C97007D6C38 /* SceneDelegate.swift */ = {isa = PBXFileReference; lastKnownFileType = sourcecode.swift; path = SceneDelegate.swift; sourceTree = "<group>"; };
		33CB788624CF7C97007D6C38 /* FavouritesViewController.swift */ = {isa = PBXFileReference; lastKnownFileType = sourcecode.swift; path = FavouritesViewController.swift; sourceTree = "<group>"; };
		33CB788924CF7C97007D6C38 /* Base */ = {isa = PBXFileReference; lastKnownFileType = file.storyboard; name = Base; path = Base.lproj/Main.storyboard; sourceTree = "<group>"; };
		33CB788C24CF7C97007D6C38 /* Udacity_Final_Project.xcdatamodel */ = {isa = PBXFileReference; lastKnownFileType = wrapper.xcdatamodel; path = Udacity_Final_Project.xcdatamodel; sourceTree = "<group>"; };
		33CB788E24CF7C98007D6C38 /* Assets.xcassets */ = {isa = PBXFileReference; lastKnownFileType = folder.assetcatalog; path = Assets.xcassets; sourceTree = "<group>"; };
		33CB789124CF7C98007D6C38 /* Base */ = {isa = PBXFileReference; lastKnownFileType = file.storyboard; name = Base; path = Base.lproj/LaunchScreen.storyboard; sourceTree = "<group>"; };
		33CB789324CF7C98007D6C38 /* Info.plist */ = {isa = PBXFileReference; lastKnownFileType = text.plist.xml; path = Info.plist; sourceTree = "<group>"; };
		33DEB8D324CF7D7E00BCF706 /* NHLClient.swift */ = {isa = PBXFileReference; lastKnownFileType = sourcecode.swift; path = NHLClient.swift; sourceTree = "<group>"; };
/* End PBXFileReference section */

/* Begin PBXFrameworksBuildPhase section */
		33CB787C24CF7C97007D6C38 /* Frameworks */ = {
			isa = PBXFrameworksBuildPhase;
			buildActionMask = 2147483647;
			files = (
			);
			runOnlyForDeploymentPostprocessing = 0;
		};
/* End PBXFrameworksBuildPhase section */

/* Begin PBXGroup section */
		334DE4A124D36E7E00BB2F67 /* Responses */ = {
			isa = PBXGroup;
			children = (
				334DE49724D34FD400BB2F67 /* TeamListResponse.swift */,
				334DE49924D353DC00BB2F67 /* RosterResponse.swift */,
				334DE49B24D3564500BB2F67 /* PlayerResponse.swift */,
				334DE49F24D3592600BB2F67 /* SingleSeasonStatsResponse.swift */,
			);
			path = Responses;
			sourceTree = "<group>";
		};
		334DE4A224D36F5B00BB2F67 /* Assets */ = {
			isa = PBXGroup;
			children = (
				33CB788E24CF7C98007D6C38 /* Assets.xcassets */,
				33CB788824CF7C97007D6C38 /* Main.storyboard */,
				33CB789024CF7C98007D6C38 /* LaunchScreen.storyboard */,
			);
			path = Assets;
			sourceTree = "<group>";
		};
		334DE4A324D36F8000BB2F67 /* Controllers */ = {
			isa = PBXGroup;
			children = (
				33CB788624CF7C97007D6C38 /* FavouritesViewController.swift */,
				334DE4A624D3B27A00BB2F67 /* DataController.swift */,
			);
			path = Controllers;
			sourceTree = "<group>";
		};
		33CB787624CF7C97007D6C38 = {
			isa = PBXGroup;
			children = (
				33CB788124CF7C97007D6C38 /* Udacity Final Project */,
				33CB788024CF7C97007D6C38 /* Products */,
			);
			sourceTree = "<group>";
		};
		33CB788024CF7C97007D6C38 /* Products */ = {
			isa = PBXGroup;
			children = (
				33CB787F24CF7C97007D6C38 /* Udacity Final Project.app */,
			);
			name = Products;
			sourceTree = "<group>";
		};
		33CB788124CF7C97007D6C38 /* Udacity Final Project */ = {
			isa = PBXGroup;
			children = (
				33CB789924CF7D0F007D6C38 /* Model */,
				334DE4A224D36F5B00BB2F67 /* Assets */,
				334DE4A324D36F8000BB2F67 /* Controllers */,
				33CB788224CF7C97007D6C38 /* AppDelegate.swift */,
				33CB788424CF7C97007D6C38 /* SceneDelegate.swift */,
				33CB789324CF7C98007D6C38 /* Info.plist */,
				334DE4A824D3BC9700BB2F67 /* Constants.swift */,
			);
			path = "Udacity Final Project";
			sourceTree = "<group>";
		};
		33CB789924CF7D0F007D6C38 /* Model */ = {
			isa = PBXGroup;
			children = (
				334DE4A124D36E7E00BB2F67 /* Responses */,
				33DEB8D324CF7D7E00BCF706 /* NHLClient.swift */,
				334DE49D24D356B400BB2F67 /* Position.swift */,
				33CB788B24CF7C97007D6C38 /* Udacity_Final_Project.xcdatamodeld */,
			);
			path = Model;
			sourceTree = "<group>";
		};
/* End PBXGroup section */

/* Begin PBXNativeTarget section */
		33CB787E24CF7C97007D6C38 /* Udacity Final Project */ = {
			isa = PBXNativeTarget;
			buildConfigurationList = 33CB789624CF7C98007D6C38 /* Build configuration list for PBXNativeTarget "Udacity Final Project" */;
			buildPhases = (
				33CB787B24CF7C97007D6C38 /* Sources */,
				33CB787C24CF7C97007D6C38 /* Frameworks */,
				33CB787D24CF7C97007D6C38 /* Resources */,
			);
			buildRules = (
			);
			dependencies = (
			);
			name = "Udacity Final Project";
			productName = "Udacity Final Project";
			productReference = 33CB787F24CF7C97007D6C38 /* Udacity Final Project.app */;
			productType = "com.apple.product-type.application";
		};
/* End PBXNativeTarget section */

/* Begin PBXProject section */
		33CB787724CF7C97007D6C38 /* Project object */ = {
			isa = PBXProject;
			attributes = {
				LastSwiftUpdateCheck = 1160;
				LastUpgradeCheck = 1160;
				ORGANIZATIONNAME = "Christopher Crookes";
				TargetAttributes = {
					33CB787E24CF7C97007D6C38 = {
						CreatedOnToolsVersion = 11.6;
					};
				};
			};
			buildConfigurationList = 33CB787A24CF7C97007D6C38 /* Build configuration list for PBXProject "Udacity Final Project" */;
			compatibilityVersion = "Xcode 9.3";
			developmentRegion = en;
			hasScannedForEncodings = 0;
			knownRegions = (
				en,
				Base,
			);
			mainGroup = 33CB787624CF7C97007D6C38;
			productRefGroup = 33CB788024CF7C97007D6C38 /* Products */;
			projectDirPath = "";
			projectRoot = "";
			targets = (
				33CB787E24CF7C97007D6C38 /* Udacity Final Project */,
			);
		};
/* End PBXProject section */

/* Begin PBXResourcesBuildPhase section */
		33CB787D24CF7C97007D6C38 /* Resources */ = {
			isa = PBXResourcesBuildPhase;
			buildActionMask = 2147483647;
			files = (
				33CB789224CF7C98007D6C38 /* LaunchScreen.storyboard in Resources */,
				33CB788F24CF7C98007D6C38 /* Assets.xcassets in Resources */,
				33CB788A24CF7C97007D6C38 /* Main.storyboard in Resources */,
			);
			runOnlyForDeploymentPostprocessing = 0;
		};
/* End PBXResourcesBuildPhase section */

/* Begin PBXSourcesBuildPhase section */
		33CB787B24CF7C97007D6C38 /* Sources */ = {
			isa = PBXSourcesBuildPhase;
			buildActionMask = 2147483647;
			files = (
				33CB788D24CF7C97007D6C38 /* Udacity_Final_Project.xcdatamodeld in Sources */,
				33CB788724CF7C97007D6C38 /* FavouritesViewController.swift in Sources */,
				33CB788324CF7C97007D6C38 /* AppDelegate.swift in Sources */,
				334DE49C24D3564500BB2F67 /* PlayerResponse.swift in Sources */,
				33CB788524CF7C97007D6C38 /* SceneDelegate.swift in Sources */,
				334DE4A724D3B27A00BB2F67 /* DataController.swift in Sources */,
				334DE49A24D353DC00BB2F67 /* RosterResponse.swift in Sources */,
				33DEB8D424CF7D7E00BCF706 /* NHLClient.swift in Sources */,
				334DE4A024D3592600BB2F67 /* SingleSeasonStatsResponse.swift in Sources */,
				334DE49824D34FD400BB2F67 /* TeamListResponse.swift in Sources */,
				334DE49E24D356B400BB2F67 /* Position.swift in Sources */,
				334DE4A924D3BC9700BB2F67 /* Constants.swift in Sources */,
			);
			runOnlyForDeploymentPostprocessing = 0;
		};
/* End PBXSourcesBuildPhase section */

/* Begin PBXVariantGroup section */
		33CB788824CF7C97007D6C38 /* Main.storyboard */ = {
			isa = PBXVariantGroup;
			children = (
				33CB788924CF7C97007D6C38 /* Base */,
			);
			name = Main.storyboard;
			sourceTree = "<group>";
		};
		33CB789024CF7C98007D6C38 /* LaunchScreen.storyboard */ = {
			isa = PBXVariantGroup;
			children = (
				33CB789124CF7C98007D6C38 /* Base */,
			);
			name = LaunchScreen.storyboard;
			sourceTree = "<group>";
		};
/* End PBXVariantGroup section */

/* Begin XCBuildConfiguration section */
		33CB789424CF7C98007D6C38 /* Debug */ = {
			isa = XCBuildConfiguration;
			buildSettings = {
				ALWAYS_SEARCH_USER_PATHS = NO;
				CLANG_ANALYZER_NONNULL = YES;
				CLANG_ANALYZER_NUMBER_OBJECT_CONVERSION = YES_AGGRESSIVE;
				CLANG_CXX_LANGUAGE_STANDARD = "gnu++14";
				CLANG_CXX_LIBRARY = "libc++";
				CLANG_ENABLE_MODULES = YES;
				CLANG_ENABLE_OBJC_ARC = YES;
				CLANG_ENABLE_OBJC_WEAK = YES;
				CLANG_WARN_BLOCK_CAPTURE_AUTORELEASING = YES;
				CLANG_WARN_BOOL_CONVERSION = YES;
				CLANG_WARN_COMMA = YES;
				CLANG_WARN_CONSTANT_CONVERSION = YES;
				CLANG_WARN_DEPRECATED_OBJC_IMPLEMENTATIONS = YES;
				CLANG_WARN_DIRECT_OBJC_ISA_USAGE = YES_ERROR;
				CLANG_WARN_DOCUMENTATION_COMMENTS = YES;
				CLANG_WARN_EMPTY_BODY = YES;
				CLANG_WARN_ENUM_CONVERSION = YES;
				CLANG_WARN_INFINITE_RECURSION = YES;
				CLANG_WARN_INT_CONVERSION = YES;
				CLANG_WARN_NON_LITERAL_NULL_CONVERSION = YES;
				CLANG_WARN_OBJC_IMPLICIT_RETAIN_SELF = YES;
				CLANG_WARN_OBJC_LITERAL_CONVERSION = YES;
				CLANG_WARN_OBJC_ROOT_CLASS = YES_ERROR;
				CLANG_WARN_RANGE_LOOP_ANALYSIS = YES;
				CLANG_WARN_STRICT_PROTOTYPES = YES;
				CLANG_WARN_SUSPICIOUS_MOVE = YES;
				CLANG_WARN_UNGUARDED_AVAILABILITY = YES_AGGRESSIVE;
				CLANG_WARN_UNREACHABLE_CODE = YES;
				CLANG_WARN__DUPLICATE_METHOD_MATCH = YES;
				COPY_PHASE_STRIP = NO;
				DEBUG_INFORMATION_FORMAT = dwarf;
				ENABLE_STRICT_OBJC_MSGSEND = YES;
				ENABLE_TESTABILITY = YES;
				GCC_C_LANGUAGE_STANDARD = gnu11;
				GCC_DYNAMIC_NO_PIC = NO;
				GCC_NO_COMMON_BLOCKS = YES;
				GCC_OPTIMIZATION_LEVEL = 0;
				GCC_PREPROCESSOR_DEFINITIONS = (
					"DEBUG=1",
					"$(inherited)",
				);
				GCC_WARN_64_TO_32_BIT_CONVERSION = YES;
				GCC_WARN_ABOUT_RETURN_TYPE = YES_ERROR;
				GCC_WARN_UNDECLARED_SELECTOR = YES;
				GCC_WARN_UNINITIALIZED_AUTOS = YES_AGGRESSIVE;
				GCC_WARN_UNUSED_FUNCTION = YES;
				GCC_WARN_UNUSED_VARIABLE = YES;
				IPHONEOS_DEPLOYMENT_TARGET = 13.6;
				MTL_ENABLE_DEBUG_INFO = INCLUDE_SOURCE;
				MTL_FAST_MATH = YES;
				ONLY_ACTIVE_ARCH = YES;
				SDKROOT = iphoneos;
				SWIFT_ACTIVE_COMPILATION_CONDITIONS = DEBUG;
				SWIFT_OPTIMIZATION_LEVEL = "-Onone";
			};
			name = Debug;
		};
		33CB789524CF7C98007D6C38 /* Release */ = {
			isa = XCBuildConfiguration;
			buildSettings = {
				ALWAYS_SEARCH_USER_PATHS = NO;
				CLANG_ANALYZER_NONNULL = YES;
				CLANG_ANALYZER_NUMBER_OBJECT_CONVERSION = YES_AGGRESSIVE;
				CLANG_CXX_LANGUAGE_STANDARD = "gnu++14";
				CLANG_CXX_LIBRARY = "libc++";
				CLANG_ENABLE_MODULES = YES;
				CLANG_ENABLE_OBJC_ARC = YES;
				CLANG_ENABLE_OBJC_WEAK = YES;
				CLANG_WARN_BLOCK_CAPTURE_AUTORELEASING = YES;
				CLANG_WARN_BOOL_CONVERSION = YES;
				CLANG_WARN_COMMA = YES;
				CLANG_WARN_CONSTANT_CONVERSION = YES;
				CLANG_WARN_DEPRECATED_OBJC_IMPLEMENTATIONS = YES;
				CLANG_WARN_DIRECT_OBJC_ISA_USAGE = YES_ERROR;
				CLANG_WARN_DOCUMENTATION_COMMENTS = YES;
				CLANG_WARN_EMPTY_BODY = YES;
				CLANG_WARN_ENUM_CONVERSION = YES;
				CLANG_WARN_INFINITE_RECURSION = YES;
				CLANG_WARN_INT_CONVERSION = YES;
				CLANG_WARN_NON_LITERAL_NULL_CONVERSION = YES;
				CLANG_WARN_OBJC_IMPLICIT_RETAIN_SELF = YES;
				CLANG_WARN_OBJC_LITERAL_CONVERSION = YES;
				CLANG_WARN_OBJC_ROOT_CLASS = YES_ERROR;
				CLANG_WARN_RANGE_LOOP_ANALYSIS = YES;
				CLANG_WARN_STRICT_PROTOTYPES = YES;
				CLANG_WARN_SUSPICIOUS_MOVE = YES;
				CLANG_WARN_UNGUARDED_AVAILABILITY = YES_AGGRESSIVE;
				CLANG_WARN_UNREACHABLE_CODE = YES;
				CLANG_WARN__DUPLICATE_METHOD_MATCH = YES;
				COPY_PHASE_STRIP = NO;
				DEBUG_INFORMATION_FORMAT = "dwarf-with-dsym";
				ENABLE_NS_ASSERTIONS = NO;
				ENABLE_STRICT_OBJC_MSGSEND = YES;
				GCC_C_LANGUAGE_STANDARD = gnu11;
				GCC_NO_COMMON_BLOCKS = YES;
				GCC_WARN_64_TO_32_BIT_CONVERSION = YES;
				GCC_WARN_ABOUT_RETURN_TYPE = YES_ERROR;
				GCC_WARN_UNDECLARED_SELECTOR = YES;
				GCC_WARN_UNINITIALIZED_AUTOS = YES_AGGRESSIVE;
				GCC_WARN_UNUSED_FUNCTION = YES;
				GCC_WARN_UNUSED_VARIABLE = YES;
				IPHONEOS_DEPLOYMENT_TARGET = 13.6;
				MTL_ENABLE_DEBUG_INFO = NO;
				MTL_FAST_MATH = YES;
				SDKROOT = iphoneos;
				SWIFT_COMPILATION_MODE = wholemodule;
				SWIFT_OPTIMIZATION_LEVEL = "-O";
				VALIDATE_PRODUCT = YES;
			};
			name = Release;
		};
		33CB789724CF7C98007D6C38 /* Debug */ = {
			isa = XCBuildConfiguration;
			buildSettings = {
				ASSETCATALOG_COMPILER_APPICON_NAME = AppIcon;
				CODE_SIGN_STYLE = Automatic;
				DEVELOPMENT_TEAM = 2QJT9J5N9N;
				INFOPLIST_FILE = "Udacity Final Project/Info.plist";
				LD_RUNPATH_SEARCH_PATHS = (
					"$(inherited)",
					"@executable_path/Frameworks",
				);
				PRODUCT_BUNDLE_IDENTIFIER = "ca.crookes.Udacity-Final-Project";
				PRODUCT_NAME = "$(TARGET_NAME)";
				SWIFT_VERSION = 5.0;
				TARGETED_DEVICE_FAMILY = "1,2";
			};
			name = Debug;
		};
		33CB789824CF7C98007D6C38 /* Release */ = {
			isa = XCBuildConfiguration;
			buildSettings = {
				ASSETCATALOG_COMPILER_APPICON_NAME = AppIcon;
				CODE_SIGN_STYLE = Automatic;
				DEVELOPMENT_TEAM = 2QJT9J5N9N;
				INFOPLIST_FILE = "Udacity Final Project/Info.plist";
				LD_RUNPATH_SEARCH_PATHS = (
					"$(inherited)",
					"@executable_path/Frameworks",
				);
				PRODUCT_BUNDLE_IDENTIFIER = "ca.crookes.Udacity-Final-Project";
				PRODUCT_NAME = "$(TARGET_NAME)";
				SWIFT_VERSION = 5.0;
				TARGETED_DEVICE_FAMILY = "1,2";
			};
			name = Release;
		};
/* End XCBuildConfiguration section */

/* Begin XCConfigurationList section */
		33CB787A24CF7C97007D6C38 /* Build configuration list for PBXProject "Udacity Final Project" */ = {
			isa = XCConfigurationList;
			buildConfigurations = (
				33CB789424CF7C98007D6C38 /* Debug */,
				33CB789524CF7C98007D6C38 /* Release */,
			);
			defaultConfigurationIsVisible = 0;
			defaultConfigurationName = Release;
		};
		33CB789624CF7C98007D6C38 /* Build configuration list for PBXNativeTarget "Udacity Final Project" */ = {
			isa = XCConfigurationList;
			buildConfigurations = (
				33CB789724CF7C98007D6C38 /* Debug */,
				33CB789824CF7C98007D6C38 /* Release */,
			);
			defaultConfigurationIsVisible = 0;
			defaultConfigurationName = Release;
		};
/* End XCConfigurationList section */

/* Begin XCVersionGroup section */
		33CB788B24CF7C97007D6C38 /* Udacity_Final_Project.xcdatamodeld */ = {
			isa = XCVersionGroup;
			children = (
				33CB788C24CF7C97007D6C38 /* Udacity_Final_Project.xcdatamodel */,
			);
			currentVersion = 33CB788C24CF7C97007D6C38 /* Udacity_Final_Project.xcdatamodel */;
			path = Udacity_Final_Project.xcdatamodeld;
			sourceTree = "<group>";
			versionGroupType = wrapper.xcdatamodel;
		};
/* End XCVersionGroup section */
	};
	rootObject = 33CB787724CF7C97007D6C38 /* Project object */;
}
